// !$*UTF8*$!
{
	archiveVersion = 1;
	classes = {
	};
	objectVersion = 55;
	objects = {

/* Begin PBXBuildFile section */
		3FB1FED0279E5DD500417CCC /* AppDelegate.swift in Sources */ = {isa = PBXBuildFile; fileRef = 3FB1FECF279E5DD500417CCC /* AppDelegate.swift */; };
		3FB1FED2279E5DD500417CCC /* SceneDelegate.swift in Sources */ = {isa = PBXBuildFile; fileRef = 3FB1FED1279E5DD500417CCC /* SceneDelegate.swift */; };
		3FB1FED4279E5DD500417CCC /* ViewController.swift in Sources */ = {isa = PBXBuildFile; fileRef = 3FB1FED3279E5DD500417CCC /* ViewController.swift */; };
		3FB1FED7279E5DD500417CCC /* Main.storyboard in Resources */ = {isa = PBXBuildFile; fileRef = 3FB1FED5279E5DD500417CCC /* Main.storyboard */; };
		3FB1FED9279E5DD600417CCC /* Assets.xcassets in Resources */ = {isa = PBXBuildFile; fileRef = 3FB1FED8279E5DD600417CCC /* Assets.xcassets */; };
		3FB1FEDC279E5DD600417CCC /* LaunchScreen.storyboard in Resources */ = {isa = PBXBuildFile; fileRef = 3FB1FEDA279E5DD600417CCC /* LaunchScreen.storyboard */; };
		3FB1FEE7279E5DD700417CCC /* OfflineVideoPlayerTests.swift in Sources */ = {isa = PBXBuildFile; fileRef = 3FB1FEE6279E5DD700417CCC /* OfflineVideoPlayerTests.swift */; };
		3FB1FEF1279E5DD700417CCC /* OfflineVideoPlayerUITests.swift in Sources */ = {isa = PBXBuildFile; fileRef = 3FB1FEF0279E5DD700417CCC /* OfflineVideoPlayerUITests.swift */; };
		3FB1FEF3279E5DD700417CCC /* OfflineVideoPlayerUITestsLaunchTests.swift in Sources */ = {isa = PBXBuildFile; fileRef = 3FB1FEF2279E5DD700417CCC /* OfflineVideoPlayerUITestsLaunchTests.swift */; };
		3FB1FF00279E653E00417CCC /* DownloadCacheManager.swift in Sources */ = {isa = PBXBuildFile; fileRef = 3FB1FEFF279E653E00417CCC /* DownloadCacheManager.swift */; };
		3FB1FF02279E68FB00417CCC /* BackgroundTaskManager.swift in Sources */ = {isa = PBXBuildFile; fileRef = 3FB1FF01279E68FB00417CCC /* BackgroundTaskManager.swift */; };
/* End PBXBuildFile section */

/* Begin PBXContainerItemProxy section */
		3FB1FEE3279E5DD700417CCC /* PBXContainerItemProxy */ = {
			isa = PBXContainerItemProxy;
			containerPortal = 3FB1FEC4279E5DD400417CCC /* Project object */;
			proxyType = 1;
			remoteGlobalIDString = 3FB1FECB279E5DD400417CCC;
			remoteInfo = OfflineVideoPlayer;
		};
		3FB1FEED279E5DD700417CCC /* PBXContainerItemProxy */ = {
			isa = PBXContainerItemProxy;
			containerPortal = 3FB1FEC4279E5DD400417CCC /* Project object */;
			proxyType = 1;
			remoteGlobalIDString = 3FB1FECB279E5DD400417CCC;
			remoteInfo = OfflineVideoPlayer;
		};
/* End PBXContainerItemProxy section */

/* Begin PBXFileReference section */
		3FB1FECC279E5DD500417CCC /* OfflineVideoPlayer.app */ = {isa = PBXFileReference; explicitFileType = wrapper.application; includeInIndex = 0; path = OfflineVideoPlayer.app; sourceTree = BUILT_PRODUCTS_DIR; };
		3FB1FECF279E5DD500417CCC /* AppDelegate.swift */ = {isa = PBXFileReference; lastKnownFileType = sourcecode.swift; path = AppDelegate.swift; sourceTree = "<group>"; };
		3FB1FED1279E5DD500417CCC /* SceneDelegate.swift */ = {isa = PBXFileReference; lastKnownFileType = sourcecode.swift; path = SceneDelegate.swift; sourceTree = "<group>"; };
		3FB1FED3279E5DD500417CCC /* ViewController.swift */ = {isa = PBXFileReference; lastKnownFileType = sourcecode.swift; path = ViewController.swift; sourceTree = "<group>"; };
		3FB1FED6279E5DD500417CCC /* Base */ = {isa = PBXFileReference; lastKnownFileType = file.storyboard; name = Base; path = Base.lproj/Main.storyboard; sourceTree = "<group>"; };
		3FB1FED8279E5DD600417CCC /* Assets.xcassets */ = {isa = PBXFileReference; lastKnownFileType = folder.assetcatalog; path = Assets.xcassets; sourceTree = "<group>"; };
		3FB1FEDB279E5DD600417CCC /* Base */ = {isa = PBXFileReference; lastKnownFileType = file.storyboard; name = Base; path = Base.lproj/LaunchScreen.storyboard; sourceTree = "<group>"; };
		3FB1FEDD279E5DD700417CCC /* Info.plist */ = {isa = PBXFileReference; lastKnownFileType = text.plist.xml; path = Info.plist; sourceTree = "<group>"; };
		3FB1FEE2279E5DD700417CCC /* OfflineVideoPlayerTests.xctest */ = {isa = PBXFileReference; explicitFileType = wrapper.cfbundle; includeInIndex = 0; path = OfflineVideoPlayerTests.xctest; sourceTree = BUILT_PRODUCTS_DIR; };
		3FB1FEE6279E5DD700417CCC /* OfflineVideoPlayerTests.swift */ = {isa = PBXFileReference; lastKnownFileType = sourcecode.swift; path = OfflineVideoPlayerTests.swift; sourceTree = "<group>"; };
		3FB1FEEC279E5DD700417CCC /* OfflineVideoPlayerUITests.xctest */ = {isa = PBXFileReference; explicitFileType = wrapper.cfbundle; includeInIndex = 0; path = OfflineVideoPlayerUITests.xctest; sourceTree = BUILT_PRODUCTS_DIR; };
		3FB1FEF0279E5DD700417CCC /* OfflineVideoPlayerUITests.swift */ = {isa = PBXFileReference; lastKnownFileType = sourcecode.swift; path = OfflineVideoPlayerUITests.swift; sourceTree = "<group>"; };
		3FB1FEF2279E5DD700417CCC /* OfflineVideoPlayerUITestsLaunchTests.swift */ = {isa = PBXFileReference; lastKnownFileType = sourcecode.swift; path = OfflineVideoPlayerUITestsLaunchTests.swift; sourceTree = "<group>"; };
		3FB1FEFF279E653E00417CCC /* DownloadCacheManager.swift */ = {isa = PBXFileReference; lastKnownFileType = sourcecode.swift; path = DownloadCacheManager.swift; sourceTree = "<group>"; };
		3FB1FF01279E68FB00417CCC /* BackgroundTaskManager.swift */ = {isa = PBXFileReference; lastKnownFileType = sourcecode.swift; path = BackgroundTaskManager.swift; sourceTree = "<group>"; };
/* End PBXFileReference section */

/* Begin PBXFrameworksBuildPhase section */
		3FB1FEC9279E5DD400417CCC /* Frameworks */ = {
			isa = PBXFrameworksBuildPhase;
			buildActionMask = 2147483647;
			files = (
			);
			runOnlyForDeploymentPostprocessing = 0;
		};
		3FB1FEDF279E5DD700417CCC /* Frameworks */ = {
			isa = PBXFrameworksBuildPhase;
			buildActionMask = 2147483647;
			files = (
			);
			runOnlyForDeploymentPostprocessing = 0;
		};
		3FB1FEE9279E5DD700417CCC /* Frameworks */ = {
			isa = PBXFrameworksBuildPhase;
			buildActionMask = 2147483647;
			files = (
			);
			runOnlyForDeploymentPostprocessing = 0;
		};
/* End PBXFrameworksBuildPhase section */

/* Begin PBXGroup section */
		3FB1FEC3279E5DD400417CCC = {
			isa = PBXGroup;
			children = (
				3FB1FECE279E5DD500417CCC /* OfflineVideoPlayer */,
				3FB1FEE5279E5DD700417CCC /* OfflineVideoPlayerTests */,
				3FB1FEEF279E5DD700417CCC /* OfflineVideoPlayerUITests */,
				3FB1FECD279E5DD500417CCC /* Products */,
			);
			sourceTree = "<group>";
		};
		3FB1FECD279E5DD500417CCC /* Products */ = {
			isa = PBXGroup;
			children = (
				3FB1FECC279E5DD500417CCC /* OfflineVideoPlayer.app */,
				3FB1FEE2279E5DD700417CCC /* OfflineVideoPlayerTests.xctest */,
				3FB1FEEC279E5DD700417CCC /* OfflineVideoPlayerUITests.xctest */,
			);
			name = Products;
			sourceTree = "<group>";
		};
		3FB1FECE279E5DD500417CCC /* OfflineVideoPlayer */ = {
			isa = PBXGroup;
			children = (
				3FB1FECF279E5DD500417CCC /* AppDelegate.swift */,
				3FB1FED1279E5DD500417CCC /* SceneDelegate.swift */,
				3FB1FED3279E5DD500417CCC /* ViewController.swift */,
				3FB1FED5279E5DD500417CCC /* Main.storyboard */,
				3FB1FED8279E5DD600417CCC /* Assets.xcassets */,
				3FB1FEDA279E5DD600417CCC /* LaunchScreen.storyboard */,
				3FB1FEDD279E5DD700417CCC /* Info.plist */,
				3FB1FEFF279E653E00417CCC /* DownloadCacheManager.swift */,
				3FB1FF01279E68FB00417CCC /* BackgroundTaskManager.swift */,
			);
			path = OfflineVideoPlayer;
			sourceTree = "<group>";
		};
		3FB1FEE5279E5DD700417CCC /* OfflineVideoPlayerTests */ = {
			isa = PBXGroup;
			children = (
				3FB1FEE6279E5DD700417CCC /* OfflineVideoPlayerTests.swift */,
			);
			path = OfflineVideoPlayerTests;
			sourceTree = "<group>";
		};
		3FB1FEEF279E5DD700417CCC /* OfflineVideoPlayerUITests */ = {
			isa = PBXGroup;
			children = (
				3FB1FEF0279E5DD700417CCC /* OfflineVideoPlayerUITests.swift */,
				3FB1FEF2279E5DD700417CCC /* OfflineVideoPlayerUITestsLaunchTests.swift */,
			);
			path = OfflineVideoPlayerUITests;
			sourceTree = "<group>";
		};
/* End PBXGroup section */

/* Begin PBXNativeTarget section */
		3FB1FECB279E5DD400417CCC /* OfflineVideoPlayer */ = {
			isa = PBXNativeTarget;
			buildConfigurationList = 3FB1FEF6279E5DD700417CCC /* Build configuration list for PBXNativeTarget "OfflineVideoPlayer" */;
			buildPhases = (
				3FB1FEC8279E5DD400417CCC /* Sources */,
				3FB1FEC9279E5DD400417CCC /* Frameworks */,
				3FB1FECA279E5DD400417CCC /* Resources */,
			);
			buildRules = (
			);
			dependencies = (
			);
			name = OfflineVideoPlayer;
			productName = OfflineVideoPlayer;
			productReference = 3FB1FECC279E5DD500417CCC /* OfflineVideoPlayer.app */;
			productType = "com.apple.product-type.application";
		};
		3FB1FEE1279E5DD700417CCC /* OfflineVideoPlayerTests */ = {
			isa = PBXNativeTarget;
			buildConfigurationList = 3FB1FEF9279E5DD700417CCC /* Build configuration list for PBXNativeTarget "OfflineVideoPlayerTests" */;
			buildPhases = (
				3FB1FEDE279E5DD700417CCC /* Sources */,
				3FB1FEDF279E5DD700417CCC /* Frameworks */,
				3FB1FEE0279E5DD700417CCC /* Resources */,
			);
			buildRules = (
			);
			dependencies = (
				3FB1FEE4279E5DD700417CCC /* PBXTargetDependency */,
			);
			name = OfflineVideoPlayerTests;
			productName = OfflineVideoPlayerTests;
			productReference = 3FB1FEE2279E5DD700417CCC /* OfflineVideoPlayerTests.xctest */;
			productType = "com.apple.product-type.bundle.unit-test";
		};
		3FB1FEEB279E5DD700417CCC /* OfflineVideoPlayerUITests */ = {
			isa = PBXNativeTarget;
			buildConfigurationList = 3FB1FEFC279E5DD700417CCC /* Build configuration list for PBXNativeTarget "OfflineVideoPlayerUITests" */;
			buildPhases = (
				3FB1FEE8279E5DD700417CCC /* Sources */,
				3FB1FEE9279E5DD700417CCC /* Frameworks */,
				3FB1FEEA279E5DD700417CCC /* Resources */,
			);
			buildRules = (
			);
			dependencies = (
				3FB1FEEE279E5DD700417CCC /* PBXTargetDependency */,
			);
			name = OfflineVideoPlayerUITests;
			productName = OfflineVideoPlayerUITests;
			productReference = 3FB1FEEC279E5DD700417CCC /* OfflineVideoPlayerUITests.xctest */;
			productType = "com.apple.product-type.bundle.ui-testing";
		};
/* End PBXNativeTarget section */

/* Begin PBXProject section */
		3FB1FEC4279E5DD400417CCC /* Project object */ = {
			isa = PBXProject;
			attributes = {
				BuildIndependentTargetsInParallel = 1;
				LastSwiftUpdateCheck = 1320;
				LastUpgradeCheck = 1320;
				TargetAttributes = {
					3FB1FECB279E5DD400417CCC = {
						CreatedOnToolsVersion = 13.2;
					};
					3FB1FEE1279E5DD700417CCC = {
						CreatedOnToolsVersion = 13.2;
						TestTargetID = 3FB1FECB279E5DD400417CCC;
					};
					3FB1FEEB279E5DD700417CCC = {
						CreatedOnToolsVersion = 13.2;
						TestTargetID = 3FB1FECB279E5DD400417CCC;
					};
				};
			};
			buildConfigurationList = 3FB1FEC7279E5DD400417CCC /* Build configuration list for PBXProject "OfflineVideoPlayer" */;
			compatibilityVersion = "Xcode 13.0";
			developmentRegion = en;
			hasScannedForEncodings = 0;
			knownRegions = (
				en,
				Base,
			);
			mainGroup = 3FB1FEC3279E5DD400417CCC;
			productRefGroup = 3FB1FECD279E5DD500417CCC /* Products */;
			projectDirPath = "";
			projectRoot = "";
			targets = (
				3FB1FECB279E5DD400417CCC /* OfflineVideoPlayer */,
				3FB1FEE1279E5DD700417CCC /* OfflineVideoPlayerTests */,
				3FB1FEEB279E5DD700417CCC /* OfflineVideoPlayerUITests */,
			);
		};
/* End PBXProject section */

/* Begin PBXResourcesBuildPhase section */
		3FB1FECA279E5DD400417CCC /* Resources */ = {
			isa = PBXResourcesBuildPhase;
			buildActionMask = 2147483647;
			files = (
				3FB1FEDC279E5DD600417CCC /* LaunchScreen.storyboard in Resources */,
				3FB1FED9279E5DD600417CCC /* Assets.xcassets in Resources */,
				3FB1FED7279E5DD500417CCC /* Main.storyboard in Resources */,
			);
			runOnlyForDeploymentPostprocessing = 0;
		};
		3FB1FEE0279E5DD700417CCC /* Resources */ = {
			isa = PBXResourcesBuildPhase;
			buildActionMask = 2147483647;
			files = (
			);
			runOnlyForDeploymentPostprocessing = 0;
		};
		3FB1FEEA279E5DD700417CCC /* Resources */ = {
			isa = PBXResourcesBuildPhase;
			buildActionMask = 2147483647;
			files = (
			);
			runOnlyForDeploymentPostprocessing = 0;
		};
/* End PBXResourcesBuildPhase section */

/* Begin PBXSourcesBuildPhase section */
		3FB1FEC8279E5DD400417CCC /* Sources */ = {
			isa = PBXSourcesBuildPhase;
			buildActionMask = 2147483647;
			files = (
				3FB1FED4279E5DD500417CCC /* ViewController.swift in Sources */,
				3FB1FED0279E5DD500417CCC /* AppDelegate.swift in Sources */,
				3FB1FED2279E5DD500417CCC /* SceneDelegate.swift in Sources */,
				3FB1FF00279E653E00417CCC /* DownloadCacheManager.swift in Sources */,
				3FB1FF02279E68FB00417CCC /* BackgroundTaskManager.swift in Sources */,
			);
			runOnlyForDeploymentPostprocessing = 0;
		};
		3FB1FEDE279E5DD700417CCC /* Sources */ = {
			isa = PBXSourcesBuildPhase;
			buildActionMask = 2147483647;
			files = (
				3FB1FEE7279E5DD700417CCC /* OfflineVideoPlayerTests.swift in Sources */,
			);
			runOnlyForDeploymentPostprocessing = 0;
		};
		3FB1FEE8279E5DD700417CCC /* Sources */ = {
			isa = PBXSourcesBuildPhase;
			buildActionMask = 2147483647;
			files = (
				3FB1FEF1279E5DD700417CCC /* OfflineVideoPlayerUITests.swift in Sources */,
				3FB1FEF3279E5DD700417CCC /* OfflineVideoPlayerUITestsLaunchTests.swift in Sources */,
			);
			runOnlyForDeploymentPostprocessing = 0;
		};
/* End PBXSourcesBuildPhase section */

/* Begin PBXTargetDependency section */
		3FB1FEE4279E5DD700417CCC /* PBXTargetDependency */ = {
			isa = PBXTargetDependency;
			target = 3FB1FECB279E5DD400417CCC /* OfflineVideoPlayer */;
			targetProxy = 3FB1FEE3279E5DD700417CCC /* PBXContainerItemProxy */;
		};
		3FB1FEEE279E5DD700417CCC /* PBXTargetDependency */ = {
			isa = PBXTargetDependency;
			target = 3FB1FECB279E5DD400417CCC /* OfflineVideoPlayer */;
			targetProxy = 3FB1FEED279E5DD700417CCC /* PBXContainerItemProxy */;
		};
/* End PBXTargetDependency section */

/* Begin PBXVariantGroup section */
		3FB1FED5279E5DD500417CCC /* Main.storyboard */ = {
			isa = PBXVariantGroup;
			children = (
				3FB1FED6279E5DD500417CCC /* Base */,
			);
			name = Main.storyboard;
			sourceTree = "<group>";
		};
		3FB1FEDA279E5DD600417CCC /* LaunchScreen.storyboard */ = {
			isa = PBXVariantGroup;
			children = (
				3FB1FEDB279E5DD600417CCC /* Base */,
			);
			name = LaunchScreen.storyboard;
			sourceTree = "<group>";
		};
/* End PBXVariantGroup section */

/* Begin XCBuildConfiguration section */
		3FB1FEF4279E5DD700417CCC /* Debug */ = {
			isa = XCBuildConfiguration;
			buildSettings = {
				ALWAYS_SEARCH_USER_PATHS = NO;
				CLANG_ANALYZER_NONNULL = YES;
				CLANG_ANALYZER_NUMBER_OBJECT_CONVERSION = YES_AGGRESSIVE;
				CLANG_CXX_LANGUAGE_STANDARD = "gnu++17";
				CLANG_CXX_LIBRARY = "libc++";
				CLANG_ENABLE_MODULES = YES;
				CLANG_ENABLE_OBJC_ARC = YES;
				CLANG_ENABLE_OBJC_WEAK = YES;
				CLANG_WARN_BLOCK_CAPTURE_AUTORELEASING = YES;
				CLANG_WARN_BOOL_CONVERSION = YES;
				CLANG_WARN_COMMA = YES;
				CLANG_WARN_CONSTANT_CONVERSION = YES;
				CLANG_WARN_DEPRECATED_OBJC_IMPLEMENTATIONS = YES;
				CLANG_WARN_DIRECT_OBJC_ISA_USAGE = YES_ERROR;
				CLANG_WARN_DOCUMENTATION_COMMENTS = YES;
				CLANG_WARN_EMPTY_BODY = YES;
				CLANG_WARN_ENUM_CONVERSION = YES;
				CLANG_WARN_INFINITE_RECURSION = YES;
				CLANG_WARN_INT_CONVERSION = YES;
				CLANG_WARN_NON_LITERAL_NULL_CONVERSION = YES;
				CLANG_WARN_OBJC_IMPLICIT_RETAIN_SELF = YES;
				CLANG_WARN_OBJC_LITERAL_CONVERSION = YES;
				CLANG_WARN_OBJC_ROOT_CLASS = YES_ERROR;
				CLANG_WARN_QUOTED_INCLUDE_IN_FRAMEWORK_HEADER = YES;
				CLANG_WARN_RANGE_LOOP_ANALYSIS = YES;
				CLANG_WARN_STRICT_PROTOTYPES = YES;
				CLANG_WARN_SUSPICIOUS_MOVE = YES;
				CLANG_WARN_UNGUARDED_AVAILABILITY = YES_AGGRESSIVE;
				CLANG_WARN_UNREACHABLE_CODE = YES;
				CLANG_WARN__DUPLICATE_METHOD_MATCH = YES;
				COPY_PHASE_STRIP = NO;
				DEBUG_INFORMATION_FORMAT = dwarf;
				ENABLE_STRICT_OBJC_MSGSEND = YES;
				ENABLE_TESTABILITY = YES;
				GCC_C_LANGUAGE_STANDARD = gnu11;
				GCC_DYNAMIC_NO_PIC = NO;
				GCC_NO_COMMON_BLOCKS = YES;
				GCC_OPTIMIZATION_LEVEL = 0;
				GCC_PREPROCESSOR_DEFINITIONS = (
					"DEBUG=1",
					"$(inherited)",
				);
				GCC_WARN_64_TO_32_BIT_CONVERSION = YES;
				GCC_WARN_ABOUT_RETURN_TYPE = YES_ERROR;
				GCC_WARN_UNDECLARED_SELECTOR = YES;
				GCC_WARN_UNINITIALIZED_AUTOS = YES_AGGRESSIVE;
				GCC_WARN_UNUSED_FUNCTION = YES;
				GCC_WARN_UNUSED_VARIABLE = YES;
				IPHONEOS_DEPLOYMENT_TARGET = 15.2;
				MTL_ENABLE_DEBUG_INFO = INCLUDE_SOURCE;
				MTL_FAST_MATH = YES;
				ONLY_ACTIVE_ARCH = YES;
				SDKROOT = iphoneos;
				SWIFT_ACTIVE_COMPILATION_CONDITIONS = DEBUG;
				SWIFT_OPTIMIZATION_LEVEL = "-Onone";
			};
			name = Debug;
		};
		3FB1FEF5279E5DD700417CCC /* Release */ = {
			isa = XCBuildConfiguration;
			buildSettings = {
				ALWAYS_SEARCH_USER_PATHS = NO;
				CLANG_ANALYZER_NONNULL = YES;
				CLANG_ANALYZER_NUMBER_OBJECT_CONVERSION = YES_AGGRESSIVE;
				CLANG_CXX_LANGUAGE_STANDARD = "gnu++17";
				CLANG_CXX_LIBRARY = "libc++";
				CLANG_ENABLE_MODULES = YES;
				CLANG_ENABLE_OBJC_ARC = YES;
				CLANG_ENABLE_OBJC_WEAK = YES;
				CLANG_WARN_BLOCK_CAPTURE_AUTORELEASING = YES;
				CLANG_WARN_BOOL_CONVERSION = YES;
				CLANG_WARN_COMMA = YES;
				CLANG_WARN_CONSTANT_CONVERSION = YES;
				CLANG_WARN_DEPRECATED_OBJC_IMPLEMENTATIONS = YES;
				CLANG_WARN_DIRECT_OBJC_ISA_USAGE = YES_ERROR;
				CLANG_WARN_DOCUMENTATION_COMMENTS = YES;
				CLANG_WARN_EMPTY_BODY = YES;
				CLANG_WARN_ENUM_CONVERSION = YES;
				CLANG_WARN_INFINITE_RECURSION = YES;
				CLANG_WARN_INT_CONVERSION = YES;
				CLANG_WARN_NON_LITERAL_NULL_CONVERSION = YES;
				CLANG_WARN_OBJC_IMPLICIT_RETAIN_SELF = YES;
				CLANG_WARN_OBJC_LITERAL_CONVERSION = YES;
				CLANG_WARN_OBJC_ROOT_CLASS = YES_ERROR;
				CLANG_WARN_QUOTED_INCLUDE_IN_FRAMEWORK_HEADER = YES;
				CLANG_WARN_RANGE_LOOP_ANALYSIS = YES;
				CLANG_WARN_STRICT_PROTOTYPES = YES;
				CLANG_WARN_SUSPICIOUS_MOVE = YES;
				CLANG_WARN_UNGUARDED_AVAILABILITY = YES_AGGRESSIVE;
				CLANG_WARN_UNREACHABLE_CODE = YES;
				CLANG_WARN__DUPLICATE_METHOD_MATCH = YES;
				COPY_PHASE_STRIP = NO;
				DEBUG_INFORMATION_FORMAT = "dwarf-with-dsym";
				ENABLE_NS_ASSERTIONS = NO;
				ENABLE_STRICT_OBJC_MSGSEND = YES;
				GCC_C_LANGUAGE_STANDARD = gnu11;
				GCC_NO_COMMON_BLOCKS = YES;
				GCC_WARN_64_TO_32_BIT_CONVERSION = YES;
				GCC_WARN_ABOUT_RETURN_TYPE = YES_ERROR;
				GCC_WARN_UNDECLARED_SELECTOR = YES;
				GCC_WARN_UNINITIALIZED_AUTOS = YES_AGGRESSIVE;
				GCC_WARN_UNUSED_FUNCTION = YES;
				GCC_WARN_UNUSED_VARIABLE = YES;
				IPHONEOS_DEPLOYMENT_TARGET = 15.2;
				MTL_ENABLE_DEBUG_INFO = NO;
				MTL_FAST_MATH = YES;
				SDKROOT = iphoneos;
				SWIFT_COMPILATION_MODE = wholemodule;
				SWIFT_OPTIMIZATION_LEVEL = "-O";
				VALIDATE_PRODUCT = YES;
			};
			name = Release;
		};
		3FB1FEF7279E5DD700417CCC /* Debug */ = {
			isa = XCBuildConfiguration;
			buildSettings = {
				ASSETCATALOG_COMPILER_APPICON_NAME = AppIcon;
				ASSETCATALOG_COMPILER_GLOBAL_ACCENT_COLOR_NAME = AccentColor;
				CODE_SIGN_IDENTITY = "Apple Development";
				CODE_SIGN_STYLE = Automatic;
				CURRENT_PROJECT_VERSION = 1;
				DEVELOPMENT_TEAM = MKH6AB3GFG;
				GENERATE_INFOPLIST_FILE = YES;
				INFOPLIST_FILE = OfflineVideoPlayer/Info.plist;
				INFOPLIST_KEY_UIApplicationSupportsIndirectInputEvents = YES;
				INFOPLIST_KEY_UILaunchStoryboardName = LaunchScreen;
				INFOPLIST_KEY_UIMainStoryboardFile = Main;
				INFOPLIST_KEY_UISupportedInterfaceOrientations_iPad = "UIInterfaceOrientationPortrait UIInterfaceOrientationPortraitUpsideDown UIInterfaceOrientationLandscapeLeft UIInterfaceOrientationLandscapeRight";
				INFOPLIST_KEY_UISupportedInterfaceOrientations_iPhone = "UIInterfaceOrientationPortrait UIInterfaceOrientationLandscapeLeft UIInterfaceOrientationLandscapeRight";
				LD_RUNPATH_SEARCH_PATHS = (
					"$(inherited)",
					"@executable_path/Frameworks",
				);
				MARKETING_VERSION = 1.0;
				PRODUCT_BUNDLE_IDENTIFIER = self.OfflineVideoPlayer.test;
				PRODUCT_NAME = "$(TARGET_NAME)";
				PROVISIONING_PROFILE_SPECIFIER = "";
				SWIFT_EMIT_LOC_STRINGS = YES;
				SWIFT_VERSION = 5.0;
				TARGETED_DEVICE_FAMILY = "1,2";
			};
			name = Debug;
		};
		3FB1FEF8279E5DD700417CCC /* Release */ = {
			isa = XCBuildConfiguration;
			buildSettings = {
				ASSETCATALOG_COMPILER_APPICON_NAME = AppIcon;
				ASSETCATALOG_COMPILER_GLOBAL_ACCENT_COLOR_NAME = AccentColor;
				CODE_SIGN_IDENTITY = "Apple Development";
				CODE_SIGN_STYLE = Automatic;
				CURRENT_PROJECT_VERSION = 1;
				DEVELOPMENT_TEAM = MKH6AB3GFG;
				GENERATE_INFOPLIST_FILE = YES;
				INFOPLIST_FILE = OfflineVideoPlayer/Info.plist;
				INFOPLIST_KEY_UIApplicationSupportsIndirectInputEvents = YES;
				INFOPLIST_KEY_UILaunchStoryboardName = LaunchScreen;
				INFOPLIST_KEY_UIMainStoryboardFile = Main;
				INFOPLIST_KEY_UISupportedInterfaceOrientations_iPad = "UIInterfaceOrientationPortrait UIInterfaceOrientationPortraitUpsideDown UIInterfaceOrientationLandscapeLeft UIInterfaceOrientationLandscapeRight";
				INFOPLIST_KEY_UISupportedInterfaceOrientations_iPhone = "UIInterfaceOrientationPortrait UIInterfaceOrientationLandscapeLeft UIInterfaceOrientationLandscapeRight";
				LD_RUNPATH_SEARCH_PATHS = (
					"$(inherited)",
					"@executable_path/Frameworks",
				);
				MARKETING_VERSION = 1.0;
				PRODUCT_BUNDLE_IDENTIFIER = self.OfflineVideoPlayer.test;
				PRODUCT_NAME = "$(TARGET_NAME)";
				PROVISIONING_PROFILE_SPECIFIER = "";
				SWIFT_EMIT_LOC_STRINGS = YES;
				SWIFT_VERSION = 5.0;
				TARGETED_DEVICE_FAMILY = "1,2";
			};
			name = Release;
		};
		3FB1FEFA279E5DD700417CCC /* Debug */ = {
			isa = XCBuildConfiguration;
			buildSettings = {
				ALWAYS_EMBED_SWIFT_STANDARD_LIBRARIES = YES;
				BUNDLE_LOADER = "$(TEST_HOST)";
				CODE_SIGN_STYLE = Automatic;
				CURRENT_PROJECT_VERSION = 1;
				GENERATE_INFOPLIST_FILE = YES;
				IPHONEOS_DEPLOYMENT_TARGET = 15.2;
				MARKETING_VERSION = 1.0;
				PRODUCT_BUNDLE_IDENTIFIER = self.OfflineVideoPlayerTests;
				PRODUCT_NAME = "$(TARGET_NAME)";
				SWIFT_EMIT_LOC_STRINGS = NO;
				SWIFT_VERSION = 5.0;
				TARGETED_DEVICE_FAMILY = "1,2";
				TEST_HOST = "$(BUILT_PRODUCTS_DIR)/OfflineVideoPlayer.app/OfflineVideoPlayer";
			};
			name = Debug;
		};
		3FB1FEFB279E5DD700417CCC /* Release */ = {
			isa = XCBuildConfiguration;
			buildSettings = {
				ALWAYS_EMBED_SWIFT_STANDARD_LIBRARIES = YES;
				BUNDLE_LOADER = "$(TEST_HOST)";
				CODE_SIGN_STYLE = Automatic;
				CURRENT_PROJECT_VERSION = 1;
				GENERATE_INFOPLIST_FILE = YES;
				IPHONEOS_DEPLOYMENT_TARGET = 15.2;
				MARKETING_VERSION = 1.0;
				PRODUCT_BUNDLE_IDENTIFIER = self.OfflineVideoPlayerTests;
				PRODUCT_NAME = "$(TARGET_NAME)";
				SWIFT_EMIT_LOC_STRINGS = NO;
				SWIFT_VERSION = 5.0;
				TARGETED_DEVICE_FAMILY = "1,2";
				TEST_HOST = "$(BUILT_PRODUCTS_DIR)/OfflineVideoPlayer.app/OfflineVideoPlayer";
			};
			name = Release;
		};
		3FB1FEFD279E5DD700417CCC /* Debug */ = {
			isa = XCBuildConfiguration;
			buildSettings = {
				ALWAYS_EMBED_SWIFT_STANDARD_LIBRARIES = YES;
				CODE_SIGN_STYLE = Automatic;
				CURRENT_PROJECT_VERSION = 1;
				GENERATE_INFOPLIST_FILE = YES;
				MARKETING_VERSION = 1.0;
				PRODUCT_BUNDLE_IDENTIFIER = self.OfflineVideoPlayerUITests;
				PRODUCT_NAME = "$(TARGET_NAME)";
				SWIFT_EMIT_LOC_STRINGS = NO;
				SWIFT_VERSION = 5.0;
				TARGETED_DEVICE_FAMILY = "1,2";
				TEST_TARGET_NAME = OfflineVideoPlayer;
			};
			name = Debug;
		};
		3FB1FEFE279E5DD700417CCC /* Release */ = {
			isa = XCBuildConfiguration;
			buildSettings = {
				ALWAYS_EMBED_SWIFT_STANDARD_LIBRARIES = YES;
				CODE_SIGN_STYLE = Automatic;
				CURRENT_PROJECT_VERSION = 1;
				GENERATE_INFOPLIST_FILE = YES;
				MARKETING_VERSION = 1.0;
				PRODUCT_BUNDLE_IDENTIFIER = self.OfflineVideoPlayerUITests;
				PRODUCT_NAME = "$(TARGET_NAME)";
				SWIFT_EMIT_LOC_STRINGS = NO;
				SWIFT_VERSION = 5.0;
				TARGETED_DEVICE_FAMILY = "1,2";
				TEST_TARGET_NAME = OfflineVideoPlayer;
			};
			name = Release;
		};
/* End XCBuildConfiguration section */

/* Begin XCConfigurationList section */
		3FB1FEC7279E5DD400417CCC /* Build configuration list for PBXProject "OfflineVideoPlayer" */ = {
			isa = XCConfigurationList;
			buildConfigurations = (
				3FB1FEF4279E5DD700417CCC /* Debug */,
				3FB1FEF5279E5DD700417CCC /* Release */,
			);
			defaultConfigurationIsVisible = 0;
			defaultConfigurationName = Release;
		};
		3FB1FEF6279E5DD700417CCC /* Build configuration list for PBXNativeTarget "OfflineVideoPlayer" */ = {
			isa = XCConfigurationList;
			buildConfigurations = (
				3FB1FEF7279E5DD700417CCC /* Debug */,
				3FB1FEF8279E5DD700417CCC /* Release */,
			);
			defaultConfigurationIsVisible = 0;
			defaultConfigurationName = Release;
		};
		3FB1FEF9279E5DD700417CCC /* Build configuration list for PBXNativeTarget "OfflineVideoPlayerTests" */ = {
			isa = XCConfigurationList;
			buildConfigurations = (
				3FB1FEFA279E5DD700417CCC /* Debug */,
				3FB1FEFB279E5DD700417CCC /* Release */,
			);
			defaultConfigurationIsVisible = 0;
			defaultConfigurationName = Release;
		};
		3FB1FEFC279E5DD700417CCC /* Build configuration list for PBXNativeTarget "OfflineVideoPlayerUITests" */ = {
			isa = XCConfigurationList;
			buildConfigurations = (
				3FB1FEFD279E5DD700417CCC /* Debug */,
				3FB1FEFE279E5DD700417CCC /* Release */,
			);
			defaultConfigurationIsVisible = 0;
			defaultConfigurationName = Release;
		};
/* End XCConfigurationList section */
	};
	rootObject = 3FB1FEC4279E5DD400417CCC /* Project object */;
}
